
Microsoft Visual Studio Solution File, Format Version 12.00
# Visual Studio Version 16
VisualStudioVersion = 16.0.31613.86
MinimumVisualStudioVersion = 10.0.40219.1
Project("{2150E333-8FDC-42A3-9474-1A3956D46DE8}") = "00.Documentation", "00.Documentation", "{690ED600-1067-4CC6-803E-B1D0DE79526A}"
	ProjectSection(SolutionItems) = preProject
		cli-configuration.json = cli-configuration.json
		..\README.md = ..\README.md
	EndProjectSection
EndProject
Project("{2150E333-8FDC-42A3-9474-1A3956D46DE8}") = "template", "template", "{7C2EEE92-3749-4CF1-98F8-2B30E0E53AF5}"
	ProjectSection(SolutionItems) = preProject
		..\nuget.csproj = ..\nuget.csproj
		.template_config\template.json = .template_config\template.json
	EndProjectSection
EndProject
Project("{9A19103F-16F7-4668-BE54-9A1E7A4F7556}") = "MyTemplate.Domain", "MyTemplate.Domain\MyTemplate.Domain.csproj", "{D074DC1D-AE07-413B-A6F5-B3C63686BAA2}"
EndProject
Project("{9A19103F-16F7-4668-BE54-9A1E7A4F7556}") = "MyTemplate.Data", "MyTemplate.Data\MyTemplate.Data.csproj", "{48564FAB-CF93-465E-8DBC-8E16C3D063A4}"
EndProject
Project("{9A19103F-16F7-4668-BE54-9A1E7A4F7556}") = "MyTemplate.I18N", "MyTemplate.I18N\MyTemplate.I18N.csproj", "{D467618E-FAC0-4638-8DE1-F996B8DE15EC}"
EndProject
Project("{9A19103F-16F7-4668-BE54-9A1E7A4F7556}") = "MyTemplate.Dto", "MyTemplate.Dto\MyTemplate.Dto.csproj", "{EF963417-45FC-4B2C-A7FA-627BFD5882C8}"
EndProject
Project("{9A19103F-16F7-4668-BE54-9A1E7A4F7556}") = "MyTemplate.Core", "MyTemplate.Core\MyTemplate.Core.csproj", "{434E7E46-5FC9-44AE-84B4-292B5BA5A5A1}"
EndProject
Project("{2150E333-8FDC-42A3-9474-1A3956D46DE8}") = "09.Apps", "09.Apps", "{C2798B8C-3185-4CB5-B93E-C731F5C6EA4F}"
EndProject
Project("{2150E333-8FDC-42A3-9474-1A3956D46DE8}") = "10.Tests", "10.Tests", "{55E416FF-4FC9-4DA8-B5A7-390BB9714330}"
EndProject
Project("{9A19103F-16F7-4668-BE54-9A1E7A4F7556}") = "MyTemplate.Tests.Helpers", "Tests\MyTemplate.Tests.Helpers\MyTemplate.Tests.Helpers.csproj", "{4E37A072-3A8E-4B67-8E56-13F0C4BE966B}"
EndProject
Project("{2150E333-8FDC-42A3-9474-1A3956D46DE8}") = "02.Contracts", "02.Contracts", "{80297044-E767-4A0C-8DF4-531224F33EA9}"
EndProject
Project("{2150E333-8FDC-42A3-9474-1A3956D46DE8}") = "01.Api", "01.Api", "{7474FAFE-A4DF-4E06-B975-DEDFBD246859}"
EndProject
Project("{9A19103F-16F7-4668-BE54-9A1E7A4F7556}") = "MyTemplate.Api.Contracts", "MyTemplate.Api.Contracts\MyTemplate.Api.Contracts.csproj", "{3DD2CF51-320A-4268-B30A-FB475E7909C3}"
EndProject
Project("{2150E333-8FDC-42A3-9474-1A3956D46DE8}") = "03.Internal Services", "03.Internal Services", "{B025C6C2-AE50-4F70-B011-D29F025128AE}"
EndProject
Project("{9A19103F-16F7-4668-BE54-9A1E7A4F7556}") = "MyTemplate.Services.Cqrs", "MyTemplate.Services.Cqrs\MyTemplate.Services.Cqrs.csproj", "{00877916-E775-470D-9A05-B00164E94162}"
EndProject
Project("{2150E333-8FDC-42A3-9474-1A3956D46DE8}") = "UnitTests", "UnitTests", "{4307846B-4868-4C2B-946B-3DB2889FE3C9}"
EndProject
Project("{9A19103F-16F7-4668-BE54-9A1E7A4F7556}") = "MyTemplate.UnitTests", "Tests\MyTemplate.UnitTests\MyTemplate.UnitTests.csproj", "{8BD3B3F1-E293-4093-92B5-D6167F6AFE74}"
EndProject
Project("{2150E333-8FDC-42A3-9474-1A3956D46DE8}") = "IntegrationTests", "IntegrationTests", "{83FD7DAE-A7C7-451E-80F4-85836CA21657}"
EndProject
Project("{2150E333-8FDC-42A3-9474-1A3956D46DE8}") = "API", "API", "{DFB9C80B-EF34-4254-9360-06CE1AEBB6AF}"
EndProject
Project("{2150E333-8FDC-42A3-9474-1A3956D46DE8}") = "Core", "Core", "{3D92FDA3-C628-4049-BDB4-53B5BA37477D}"
EndProject
Project("{2150E333-8FDC-42A3-9474-1A3956D46DE8}") = "Data", "Data", "{6494DD4A-8231-4866-BC1C-F2E440FDA8CF}"
EndProject
Project("{9A19103F-16F7-4668-BE54-9A1E7A4F7556}") = "MyTemplate.Api.ServiceAgent", "MyTemplate.Api.ServiceAgent\MyTemplate.Api.ServiceAgent.csproj", "{A9070AE1-24E5-4A90-9274-33A0C2EFFEBB}"
EndProject
Project("{9A19103F-16F7-4668-BE54-9A1E7A4F7556}") = "MyTemplate.Api", "MyTemplate.Api\MyTemplate.Api.csproj", "{BCF12EB3-BE9B-4DEC-9E8D-BE7AF027327E}"
EndProject
Project("{9A19103F-16F7-4668-BE54-9A1E7A4F7556}") = "MyTemplate.DatabaseMigrator", "Apps\MyTemplate.DatabaseMigrator\MyTemplate.DatabaseMigrator.csproj", "{150253BD-6EA7-4C89-8C5F-B830B2E43FD3}"
EndProject
Project("{9A19103F-16F7-4668-BE54-9A1E7A4F7556}") = "MyTemplate.Integration.Tests", "Tests\MyTemplate.Integration.Tests\MyTemplate.Integration.Tests.csproj", "{E1F3E583-2E25-41C5-B1A4-DA5814F7F75B}"
EndProject
Project("{9A19103F-16F7-4668-BE54-9A1E7A4F7556}") = "MyTemplate.IntegrationTests.Data", "Tests\MyTemplate.IntegrationTests.Data\MyTemplate.IntegrationTests.Data.csproj", "{0D1139D8-2821-46B9-A7D2-AC99AC47AF4B}"
EndProject
Project("{9A19103F-16F7-4668-BE54-9A1E7A4F7556}") = "MyTemplate.IntegrationTests.Core", "Tests\MyTemplate.IntegrationTests.Core\MyTemplate.IntegrationTests.Core.csproj", "{B9C1AF9D-AED1-413D-AFCC-B9B2D777334A}"
EndProject
Project("{9A19103F-16F7-4668-BE54-9A1E7A4F7556}") = "MyTemplate.IntegrationTests.Api", "Tests\MyTemplate.IntegrationTests.Api\MyTemplate.IntegrationTests.Api.csproj", "{7BC7F80B-3F20-436B-82AB-42463C342F77}"
EndProject
Global
	GlobalSection(SolutionConfigurationPlatforms) = preSolution
		Debug|Any CPU = Debug|Any CPU
		Release|Any CPU = Release|Any CPU
	EndGlobalSection
	GlobalSection(ProjectConfigurationPlatforms) = postSolution
		{D074DC1D-AE07-413B-A6F5-B3C63686BAA2}.Debug|Any CPU.ActiveCfg = Debug|Any CPU
		{D074DC1D-AE07-413B-A6F5-B3C63686BAA2}.Debug|Any CPU.Build.0 = Debug|Any CPU
		{D074DC1D-AE07-413B-A6F5-B3C63686BAA2}.Release|Any CPU.ActiveCfg = Release|Any CPU
		{D074DC1D-AE07-413B-A6F5-B3C63686BAA2}.Release|Any CPU.Build.0 = Release|Any CPU
		{48564FAB-CF93-465E-8DBC-8E16C3D063A4}.Debug|Any CPU.ActiveCfg = Debug|Any CPU
		{48564FAB-CF93-465E-8DBC-8E16C3D063A4}.Debug|Any CPU.Build.0 = Debug|Any CPU
		{48564FAB-CF93-465E-8DBC-8E16C3D063A4}.Release|Any CPU.ActiveCfg = Release|Any CPU
		{48564FAB-CF93-465E-8DBC-8E16C3D063A4}.Release|Any CPU.Build.0 = Release|Any CPU
		{D467618E-FAC0-4638-8DE1-F996B8DE15EC}.Debug|Any CPU.ActiveCfg = Debug|Any CPU
		{D467618E-FAC0-4638-8DE1-F996B8DE15EC}.Debug|Any CPU.Build.0 = Debug|Any CPU
		{D467618E-FAC0-4638-8DE1-F996B8DE15EC}.Release|Any CPU.ActiveCfg = Release|Any CPU
		{D467618E-FAC0-4638-8DE1-F996B8DE15EC}.Release|Any CPU.Build.0 = Release|Any CPU
		{EF963417-45FC-4B2C-A7FA-627BFD5882C8}.Debug|Any CPU.ActiveCfg = Debug|Any CPU
		{EF963417-45FC-4B2C-A7FA-627BFD5882C8}.Debug|Any CPU.Build.0 = Debug|Any CPU
		{EF963417-45FC-4B2C-A7FA-627BFD5882C8}.Release|Any CPU.ActiveCfg = Release|Any CPU
		{EF963417-45FC-4B2C-A7FA-627BFD5882C8}.Release|Any CPU.Build.0 = Release|Any CPU
		{434E7E46-5FC9-44AE-84B4-292B5BA5A5A1}.Debug|Any CPU.ActiveCfg = Debug|Any CPU
		{434E7E46-5FC9-44AE-84B4-292B5BA5A5A1}.Debug|Any CPU.Build.0 = Debug|Any CPU
		{434E7E46-5FC9-44AE-84B4-292B5BA5A5A1}.Release|Any CPU.ActiveCfg = Release|Any CPU
		{434E7E46-5FC9-44AE-84B4-292B5BA5A5A1}.Release|Any CPU.Build.0 = Release|Any CPU
		{4E37A072-3A8E-4B67-8E56-13F0C4BE966B}.Debug|Any CPU.ActiveCfg = Debug|Any CPU
		{4E37A072-3A8E-4B67-8E56-13F0C4BE966B}.Debug|Any CPU.Build.0 = Debug|Any CPU
		{4E37A072-3A8E-4B67-8E56-13F0C4BE966B}.Release|Any CPU.ActiveCfg = Release|Any CPU
		{4E37A072-3A8E-4B67-8E56-13F0C4BE966B}.Release|Any CPU.Build.0 = Release|Any CPU
		{3DD2CF51-320A-4268-B30A-FB475E7909C3}.Debug|Any CPU.ActiveCfg = Debug|Any CPU
		{3DD2CF51-320A-4268-B30A-FB475E7909C3}.Debug|Any CPU.Build.0 = Debug|Any CPU
		{3DD2CF51-320A-4268-B30A-FB475E7909C3}.Release|Any CPU.ActiveCfg = Release|Any CPU
		{3DD2CF51-320A-4268-B30A-FB475E7909C3}.Release|Any CPU.Build.0 = Release|Any CPU
		{00877916-E775-470D-9A05-B00164E94162}.Debug|Any CPU.ActiveCfg = Debug|Any CPU
		{00877916-E775-470D-9A05-B00164E94162}.Debug|Any CPU.Build.0 = Debug|Any CPU
		{00877916-E775-470D-9A05-B00164E94162}.Release|Any CPU.ActiveCfg = Release|Any CPU
		{00877916-E775-470D-9A05-B00164E94162}.Release|Any CPU.Build.0 = Release|Any CPU
		{8BD3B3F1-E293-4093-92B5-D6167F6AFE74}.Debug|Any CPU.ActiveCfg = Debug|Any CPU
		{8BD3B3F1-E293-4093-92B5-D6167F6AFE74}.Debug|Any CPU.Build.0 = Debug|Any CPU
		{8BD3B3F1-E293-4093-92B5-D6167F6AFE74}.Release|Any CPU.ActiveCfg = Release|Any CPU
		{8BD3B3F1-E293-4093-92B5-D6167F6AFE74}.Release|Any CPU.Build.0 = Release|Any CPU
		{A9070AE1-24E5-4A90-9274-33A0C2EFFEBB}.Debug|Any CPU.ActiveCfg = Debug|Any CPU
		{A9070AE1-24E5-4A90-9274-33A0C2EFFEBB}.Debug|Any CPU.Build.0 = Debug|Any CPU
		{A9070AE1-24E5-4A90-9274-33A0C2EFFEBB}.Release|Any CPU.ActiveCfg = Release|Any CPU
		{A9070AE1-24E5-4A90-9274-33A0C2EFFEBB}.Release|Any CPU.Build.0 = Release|Any CPU
		{BCF12EB3-BE9B-4DEC-9E8D-BE7AF027327E}.Debug|Any CPU.ActiveCfg = Debug|Any CPU
		{BCF12EB3-BE9B-4DEC-9E8D-BE7AF027327E}.Debug|Any CPU.Build.0 = Debug|Any CPU
		{BCF12EB3-BE9B-4DEC-9E8D-BE7AF027327E}.Release|Any CPU.ActiveCfg = Release|Any CPU
		{BCF12EB3-BE9B-4DEC-9E8D-BE7AF027327E}.Release|Any CPU.Build.0 = Release|Any CPU
		{150253BD-6EA7-4C89-8C5F-B830B2E43FD3}.Debug|Any CPU.ActiveCfg = Debug|Any CPU
		{150253BD-6EA7-4C89-8C5F-B830B2E43FD3}.Debug|Any CPU.Build.0 = Debug|Any CPU
		{150253BD-6EA7-4C89-8C5F-B830B2E43FD3}.Release|Any CPU.ActiveCfg = Release|Any CPU
		{150253BD-6EA7-4C89-8C5F-B830B2E43FD3}.Release|Any CPU.Build.0 = Release|Any CPU
		{E1F3E583-2E25-41C5-B1A4-DA5814F7F75B}.Debug|Any CPU.ActiveCfg = Debug|Any CPU
		{E1F3E583-2E25-41C5-B1A4-DA5814F7F75B}.Debug|Any CPU.Build.0 = Debug|Any CPU
		{E1F3E583-2E25-41C5-B1A4-DA5814F7F75B}.Release|Any CPU.ActiveCfg = Release|Any CPU
		{E1F3E583-2E25-41C5-B1A4-DA5814F7F75B}.Release|Any CPU.Build.0 = Release|Any CPU
		{0D1139D8-2821-46B9-A7D2-AC99AC47AF4B}.Debug|Any CPU.ActiveCfg = Debug|Any CPU
		{0D1139D8-2821-46B9-A7D2-AC99AC47AF4B}.Debug|Any CPU.Build.0 = Debug|Any CPU
		{0D1139D8-2821-46B9-A7D2-AC99AC47AF4B}.Release|Any CPU.ActiveCfg = Release|Any CPU
		{0D1139D8-2821-46B9-A7D2-AC99AC47AF4B}.Release|Any CPU.Build.0 = Release|Any CPU
		{B9C1AF9D-AED1-413D-AFCC-B9B2D777334A}.Debug|Any CPU.ActiveCfg = Debug|Any CPU
		{B9C1AF9D-AED1-413D-AFCC-B9B2D777334A}.Debug|Any CPU.Build.0 = Debug|Any CPU
		{B9C1AF9D-AED1-413D-AFCC-B9B2D777334A}.Release|Any CPU.ActiveCfg = Release|Any CPU
		{B9C1AF9D-AED1-413D-AFCC-B9B2D777334A}.Release|Any CPU.Build.0 = Release|Any CPU
		{7BC7F80B-3F20-436B-82AB-42463C342F77}.Debug|Any CPU.ActiveCfg = Debug|Any CPU
		{7BC7F80B-3F20-436B-82AB-42463C342F77}.Debug|Any CPU.Build.0 = Debug|Any CPU
		{7BC7F80B-3F20-436B-82AB-42463C342F77}.Release|Any CPU.ActiveCfg = Release|Any CPU
		{7BC7F80B-3F20-436B-82AB-42463C342F77}.Release|Any CPU.Build.0 = Release|Any CPU
	EndGlobalSection
	GlobalSection(SolutionProperties) = preSolution
		HideSolutionNode = FALSE
	EndGlobalSection
	GlobalSection(NestedProjects) = preSolution
		{7C2EEE92-3749-4CF1-98F8-2B30E0E53AF5} = {690ED600-1067-4CC6-803E-B1D0DE79526A}
		{4E37A072-3A8E-4B67-8E56-13F0C4BE966B} = {55E416FF-4FC9-4DA8-B5A7-390BB9714330}
		{3DD2CF51-320A-4268-B30A-FB475E7909C3} = {80297044-E767-4A0C-8DF4-531224F33EA9}
		{00877916-E775-470D-9A05-B00164E94162} = {B025C6C2-AE50-4F70-B011-D29F025128AE}
		{4307846B-4868-4C2B-946B-3DB2889FE3C9} = {55E416FF-4FC9-4DA8-B5A7-390BB9714330}
		{8BD3B3F1-E293-4093-92B5-D6167F6AFE74} = {4307846B-4868-4C2B-946B-3DB2889FE3C9}
		{83FD7DAE-A7C7-451E-80F4-85836CA21657} = {55E416FF-4FC9-4DA8-B5A7-390BB9714330}
		{DFB9C80B-EF34-4254-9360-06CE1AEBB6AF} = {83FD7DAE-A7C7-451E-80F4-85836CA21657}
		{3D92FDA3-C628-4049-BDB4-53B5BA37477D} = {83FD7DAE-A7C7-451E-80F4-85836CA21657}
		{6494DD4A-8231-4866-BC1C-F2E440FDA8CF} = {83FD7DAE-A7C7-451E-80F4-85836CA21657}
		{A9070AE1-24E5-4A90-9274-33A0C2EFFEBB} = {7474FAFE-A4DF-4E06-B975-DEDFBD246859}
		{BCF12EB3-BE9B-4DEC-9E8D-BE7AF027327E} = {7474FAFE-A4DF-4E06-B975-DEDFBD246859}
		{150253BD-6EA7-4C89-8C5F-B830B2E43FD3} = {C2798B8C-3185-4CB5-B93E-C731F5C6EA4F}
		{E1F3E583-2E25-41C5-B1A4-DA5814F7F75B} = {83FD7DAE-A7C7-451E-80F4-85836CA21657}
		{0D1139D8-2821-46B9-A7D2-AC99AC47AF4B} = {6494DD4A-8231-4866-BC1C-F2E440FDA8CF}
		{B9C1AF9D-AED1-413D-AFCC-B9B2D777334A} = {3D92FDA3-C628-4049-BDB4-53B5BA37477D}
		{7BC7F80B-3F20-436B-82AB-42463C342F77} = {DFB9C80B-EF34-4254-9360-06CE1AEBB6AF}
	EndGlobalSection
	GlobalSection(ExtensibilityGlobals) = postSolution
		SolutionGuid = {5FE6B856-AFCA-4CEF-8096-057AC79538A1}
	EndGlobalSection
EndGlobal
